
Microsoft Visual Studio Solution File, Format Version 12.00
# Visual Studio 15
VisualStudioVersion = 15.0.27130.2036
MinimumVisualStudioVersion = 10.0.40219.1
Project("{FAE04EC0-301F-11D3-BF4B-00C04F79EFBC}") = "ExcelFileRead", "ExcelFileRead\ExcelFileRead.csproj", "{116B2A06-321D-465B-B4FB-ED3AA5262079}"
EndProject
Global
	GlobalSection(SolutionConfigurationPlatforms) = preSolution
		Debug|Any CPU = Debug|Any CPU
		Release|Any CPU = Release|Any CPU
	EndGlobalSection
	GlobalSection(ProjectConfigurationPlatforms) = postSolution
		{116B2A06-321D-465B-B4FB-ED3AA5262079}.Debug|Any CPU.ActiveCfg = Debug|Any CPU
		{116B2A06-321D-465B-B4FB-ED3AA5262079}.Debug|Any CPU.Build.0 = Debug|Any CPU
		{116B2A06-321D-465B-B4FB-ED3AA5262079}.Release|Any CPU.ActiveCfg = Release|Any CPU
		{116B2A06-321D-465B-B4FB-ED3AA5262079}.Release|Any CPU.Build.0 = Release|Any CPU
	EndGlobalSection
	GlobalSection(SolutionProperties) = preSolution
		HideSolutionNode = FALSE
	EndGlobalSection
	GlobalSection(ExtensibilityGlobals) = postSolution
		SolutionGuid = {7498EC5D-7FB8-489E-9FCD-EF887B61EE1C}
	EndGlobalSection
EndGlobal
